# THIS IS AN AUTOGENERATED FILE. DO NOT EDIT THIS FILE DIRECTLY.
# yarn lockfile v1


get-value@^3.0.1:
  version "3.0.1"
  resolved "https://registry.yarnpkg.com/get-value/-/get-value-3.0.1.tgz#5efd2a157f1d6a516d7524e124ac52d0a39ef5a8"
  dependencies:
    isobject "^3.0.1"

is-plain-object@^2.0.4:
  version "2.0.4"
  resolved "https://registry.yarnpkg.com/is-plain-object/-/is-plain-object-2.0.4.tgz#2c163b3fafb1b606d9d17928f05c2a1c38e07677"
  dependencies:
    isobject "^3.0.1"

isobject@^3.0.1:
  version "3.0.1"
  resolved "https://registry.yarnpkg.com/isobject/-/isobject-3.0.1.tgz#4e431e92b11a9731636aa1f9c8d1ccbcfdab78df"

lodash@^4.17.10:
  version "4.17.10"
  resolved "https://registry.yarnpkg.com/lodash/-/lodash-4.17.10.tgz#1b7793cf7259ea38fb3661d4d38b3260af8ae4e7"

set-value@^3.0.0:
  version "3.0.0"
  resolved "https://registry.yarnpkg.com/set-value/-/set-value-3.0.0.tgz#bc021514f46effed8176fd5f0f67e9988531141f"
  dependencies:
    is-plain-object "^2.0.4"

vue@^2.5.16:
  version "2.5.16"
  resolved "https://registry.yarnpkg.com/vue/-/vue-2.5.16.tgz#07edb75e8412aaeed871ebafa99f4672584a0085"
